
Microsoft Visual Studio Solution File, Format Version 12.00
# Visual Studio Version 16
VisualStudioVersion = 25.0.1705.6
MinimumVisualStudioVersion = 10.0.40219.1
Project("{FAE04EC0-301F-11D3-BF4B-00C04F79EFBC}") = "Minimal.Api", "Minimal.Api\Minimal.Api.csproj", "{519CD75C-20E9-4157-B1D6-483C7C7CEC61}"
EndProject
Project("{FAE04EC0-301F-11D3-BF4B-00C04F79EFBC}") = "Minimal.Api.Tests", "Minimal.Api.Tests\Minimal.Api.Tests.csproj", "{F30B92F6-1FBA-4230-AC5F-A6C69DFFD68A}"
EndProject
Project("{E53339B2-1760-4266-BCC7-CA923CBCF16C}") = "docker-compose", "docker-compose.dcproj", "{8CE91E48-D238-4BD1-97EC-5E69C88FCA73}"
EndProject
Global
	GlobalSection(SolutionConfigurationPlatforms) = preSolution
		Debug|Any CPU = Debug|Any CPU
		Release|Any CPU = Release|Any CPU
	EndGlobalSection
	GlobalSection(ProjectConfigurationPlatforms) = postSolution
		{519CD75C-20E9-4157-B1D6-483C7C7CEC61}.Debug|Any CPU.ActiveCfg = Debug|Any CPU
		{519CD75C-20E9-4157-B1D6-483C7C7CEC61}.Debug|Any CPU.Build.0 = Debug|Any CPU
		{519CD75C-20E9-4157-B1D6-483C7C7CEC61}.Release|Any CPU.ActiveCfg = Release|Any CPU
		{519CD75C-20E9-4157-B1D6-483C7C7CEC61}.Release|Any CPU.Build.0 = Release|Any CPU
		{F30B92F6-1FBA-4230-AC5F-A6C69DFFD68A}.Debug|Any CPU.ActiveCfg = Debug|Any CPU
		{F30B92F6-1FBA-4230-AC5F-A6C69DFFD68A}.Debug|Any CPU.Build.0 = Debug|Any CPU
		{F30B92F6-1FBA-4230-AC5F-A6C69DFFD68A}.Release|Any CPU.ActiveCfg = Release|Any CPU
		{F30B92F6-1FBA-4230-AC5F-A6C69DFFD68A}.Release|Any CPU.Build.0 = Release|Any CPU
		{8CE91E48-D238-4BD1-97EC-5E69C88FCA73}.Debug|Any CPU.ActiveCfg = Debug|Any CPU
		{8CE91E48-D238-4BD1-97EC-5E69C88FCA73}.Debug|Any CPU.Build.0 = Debug|Any CPU
		{8CE91E48-D238-4BD1-97EC-5E69C88FCA73}.Release|Any CPU.ActiveCfg = Release|Any CPU
		{8CE91E48-D238-4BD1-97EC-5E69C88FCA73}.Release|Any CPU.Build.0 = Release|Any CPU
	EndGlobalSection
	GlobalSection(SolutionProperties) = preSolution
		HideSolutionNode = FALSE
	EndGlobalSection
	GlobalSection(ExtensibilityGlobals) = postSolution
		SolutionGuid = {808FB540-F38C-40F2-8881-6680040F957D}
	EndGlobalSection
EndGlobal
